
Microsoft Visual Studio Solution File, Format Version 12.00
# Visual Studio Version 17
VisualStudioVersion = 17.3.32922.545
MinimumVisualStudioVersion = 10.0.40219.1
Project("{FAE04EC0-301F-11D3-BF4B-00C04F79EFBC}") = "ConsoleApp2", "ConsoleApp2.csproj", "{43478D61-BBBD-4793-93B3-DC20D451CB7E}"
EndProject
Global
	GlobalSection(SolutionConfigurationPlatforms) = preSolution
		Debug|Any CPU = Debug|Any CPU
		Release|Any CPU = Release|Any CPU
	EndGlobalSection
	GlobalSection(ProjectConfigurationPlatforms) = postSolution
		{43478D61-BBBD-4793-93B3-DC20D451CB7E}.Debug|Any CPU.ActiveCfg = Debug|Any CPU
		{43478D61-BBBD-4793-93B3-DC20D451CB7E}.Debug|Any CPU.Build.0 = Debug|Any CPU
		{43478D61-BBBD-4793-93B3-DC20D451CB7E}.Release|Any CPU.ActiveCfg = Release|Any CPU
		{43478D61-BBBD-4793-93B3-DC20D451CB7E}.Release|Any CPU.Build.0 = Release|Any CPU
	EndGlobalSection
	GlobalSection(SolutionProperties) = preSolution
		HideSolutionNode = FALSE
	EndGlobalSection
	GlobalSection(ExtensibilityGlobals) = postSolution
		SolutionGuid = {99D32A72-4382-4051-8DC5-920A033AD10B}
	EndGlobalSection
EndGlobal
